
Microsoft Visual Studio Solution File, Format Version 12.00
# Visual Studio Version 16
VisualStudioVersion = 16.0.30907.101
MinimumVisualStudioVersion = 10.0.40219.1
Project("{9A19103F-16F7-4668-BE54-9A1E7A4F7556}") = "BlazorShop.Server", "BlazorShop\Server\BlazorShop.Server.csproj", "{F4FDC3D0-CAA0-4AEE-A3FD-674C989B410A}"
EndProject
Project("{9A19103F-16F7-4668-BE54-9A1E7A4F7556}") = "BlazorShop.Client", "BlazorShop\Client\BlazorShop.Client.csproj", "{0D0059BC-D3E2-4BFF-BB12-A2EA6ADF765A}"
EndProject
Project("{9A19103F-16F7-4668-BE54-9A1E7A4F7556}") = "BlazorShop.Shared", "BlazorShop\Shared\BlazorShop.Shared.csproj", "{F80AF423-70EB-4643-86A8-CC028BD94051}"
EndProject
Global
	GlobalSection(SolutionConfigurationPlatforms) = preSolution
		Debug|Any CPU = Debug|Any CPU
		Release|Any CPU = Release|Any CPU
	EndGlobalSection
	GlobalSection(ProjectConfigurationPlatforms) = postSolution
		{F4FDC3D0-CAA0-4AEE-A3FD-674C989B410A}.Debug|Any CPU.ActiveCfg = Debug|Any CPU
		{F4FDC3D0-CAA0-4AEE-A3FD-674C989B410A}.Debug|Any CPU.Build.0 = Debug|Any CPU
		{F4FDC3D0-CAA0-4AEE-A3FD-674C989B410A}.Release|Any CPU.ActiveCfg = Release|Any CPU
		{F4FDC3D0-CAA0-4AEE-A3FD-674C989B410A}.Release|Any CPU.Build.0 = Release|Any CPU
		{0D0059BC-D3E2-4BFF-BB12-A2EA6ADF765A}.Debug|Any CPU.ActiveCfg = Debug|Any CPU
		{0D0059BC-D3E2-4BFF-BB12-A2EA6ADF765A}.Debug|Any CPU.Build.0 = Debug|Any CPU
		{0D0059BC-D3E2-4BFF-BB12-A2EA6ADF765A}.Release|Any CPU.ActiveCfg = Release|Any CPU
		{0D0059BC-D3E2-4BFF-BB12-A2EA6ADF765A}.Release|Any CPU.Build.0 = Release|Any CPU
		{F80AF423-70EB-4643-86A8-CC028BD94051}.Debug|Any CPU.ActiveCfg = Debug|Any CPU
		{F80AF423-70EB-4643-86A8-CC028BD94051}.Debug|Any CPU.Build.0 = Debug|Any CPU
		{F80AF423-70EB-4643-86A8-CC028BD94051}.Release|Any CPU.ActiveCfg = Release|Any CPU
		{F80AF423-70EB-4643-86A8-CC028BD94051}.Release|Any CPU.Build.0 = Release|Any CPU
	EndGlobalSection
	GlobalSection(SolutionProperties) = preSolution
		HideSolutionNode = FALSE
	EndGlobalSection
	GlobalSection(ExtensibilityGlobals) = postSolution
		SolutionGuid = {24341F1F-60C7-410C-A8D4-41C44FE42DD0}
	EndGlobalSection
EndGlobal
